
Microsoft Visual Studio Solution File, Format Version 12.00
# Visual Studio 2013
VisualStudioVersion = 12.0.21005.1
MinimumVisualStudioVersion = 10.0.40219.1
Project("{FAE04EC0-301F-11D3-BF4B-00C04F79EFBC}") = "Voting System", "Voting System\Voting System.csproj", "{64740469-2ACB-4E1C-99B9-DE33179DC74B}"
EndProject
Project("{FAE04EC0-301F-11D3-BF4B-00C04F79EFBC}") = "Testing", "Testing\Testing.csproj", "{2FDF1FC5-F330-4FAE-869A-5CDF84B2608B}"
EndProject
Global
	GlobalSection(SolutionConfigurationPlatforms) = preSolution
		Debug|Any CPU = Debug|Any CPU
		Release|Any CPU = Release|Any CPU
	EndGlobalSection
	GlobalSection(ProjectConfigurationPlatforms) = postSolution
		{64740469-2ACB-4E1C-99B9-DE33179DC74B}.Debug|Any CPU.ActiveCfg = Debug|Any CPU
		{64740469-2ACB-4E1C-99B9-DE33179DC74B}.Debug|Any CPU.Build.0 = Debug|Any CPU
		{64740469-2ACB-4E1C-99B9-DE33179DC74B}.Release|Any CPU.ActiveCfg = Release|Any CPU
		{64740469-2ACB-4E1C-99B9-DE33179DC74B}.Release|Any CPU.Build.0 = Release|Any CPU
		{2FDF1FC5-F330-4FAE-869A-5CDF84B2608B}.Debug|Any CPU.ActiveCfg = Debug|Any CPU
		{2FDF1FC5-F330-4FAE-869A-5CDF84B2608B}.Debug|Any CPU.Build.0 = Debug|Any CPU
		{2FDF1FC5-F330-4FAE-869A-5CDF84B2608B}.Release|Any CPU.ActiveCfg = Release|Any CPU
		{2FDF1FC5-F330-4FAE-869A-5CDF84B2608B}.Release|Any CPU.Build.0 = Release|Any CPU
	EndGlobalSection
	GlobalSection(SolutionProperties) = preSolution
		HideSolutionNode = FALSE
	EndGlobalSection
EndGlobal
